// !$*UTF8*$!
{
	archiveVersion = 1;
	classes = {
	};
	objectVersion = 46;
	objects = {

/* Begin PBXBuildFile section */
		4A54B8911EB2EB05002245D7 /* AppDelegate.swift in Sources */ = {isa = PBXBuildFile; fileRef = 4A54B8901EB2EB05002245D7 /* AppDelegate.swift */; };
		4A54B8931EB2EB05002245D7 /* ViewController.swift in Sources */ = {isa = PBXBuildFile; fileRef = 4A54B8921EB2EB05002245D7 /* ViewController.swift */; };
		4A54B8961EB2EB05002245D7 /* Main.storyboard in Resources */ = {isa = PBXBuildFile; fileRef = 4A54B8941EB2EB05002245D7 /* Main.storyboard */; };
		4A54B8981EB2EB05002245D7 /* Assets.xcassets in Resources */ = {isa = PBXBuildFile; fileRef = 4A54B8971EB2EB05002245D7 /* Assets.xcassets */; };
		4A54B89B1EB2EB05002245D7 /* LaunchScreen.storyboard in Resources */ = {isa = PBXBuildFile; fileRef = 4A54B8991EB2EB05002245D7 /* LaunchScreen.storyboard */; };
		4A54B8A31EB2ECB7002245D7 /* SWMenuController.swift in Sources */ = {isa = PBXBuildFile; fileRef = 4A54B8A21EB2ECB7002245D7 /* SWMenuController.swift */; };
		4A54B8A51EB2ED4C002245D7 /* SWMenuItem.swift in Sources */ = {isa = PBXBuildFile; fileRef = 4A54B8A41EB2ED4C002245D7 /* SWMenuItem.swift */; };
		4A54B8A91EB8B23C002245D7 /* SWMenuArrow.swift in Sources */ = {isa = PBXBuildFile; fileRef = 4A54B8A81EB8B23C002245D7 /* SWMenuArrow.swift */; };
/* End PBXBuildFile section */

/* Begin PBXFileReference section */
		4A54B88D1EB2EB05002245D7 /* SWMenuController.app */ = {isa = PBXFileReference; explicitFileType = wrapper.application; includeInIndex = 0; path = SWMenuController.app; sourceTree = BUILT_PRODUCTS_DIR; };
		4A54B8901EB2EB05002245D7 /* AppDelegate.swift */ = {isa = PBXFileReference; lastKnownFileType = sourcecode.swift; path = AppDelegate.swift; sourceTree = "<group>"; };
		4A54B8921EB2EB05002245D7 /* ViewController.swift */ = {isa = PBXFileReference; lastKnownFileType = sourcecode.swift; path = ViewController.swift; sourceTree = "<group>"; };
		4A54B8951EB2EB05002245D7 /* Base */ = {isa = PBXFileReference; lastKnownFileType = file.storyboard; name = Base; path = Base.lproj/Main.storyboard; sourceTree = "<group>"; };
		4A54B8971EB2EB05002245D7 /* Assets.xcassets */ = {isa = PBXFileReference; lastKnownFileType = folder.assetcatalog; path = Assets.xcassets; sourceTree = "<group>"; };
		4A54B89A1EB2EB05002245D7 /* Base */ = {isa = PBXFileReference; lastKnownFileType = file.storyboard; name = Base; path = Base.lproj/LaunchScreen.storyboard; sourceTree = "<group>"; };
		4A54B89C1EB2EB05002245D7 /* Info.plist */ = {isa = PBXFileReference; lastKnownFileType = text.plist.xml; path = Info.plist; sourceTree = "<group>"; };
		4A54B8A21EB2ECB7002245D7 /* SWMenuController.swift */ = {isa = PBXFileReference; fileEncoding = 4; lastKnownFileType = sourcecode.swift; path = SWMenuController.swift; sourceTree = "<group>"; };
		4A54B8A41EB2ED4C002245D7 /* SWMenuItem.swift */ = {isa = PBXFileReference; fileEncoding = 4; lastKnownFileType = sourcecode.swift; path = SWMenuItem.swift; sourceTree = "<group>"; };
		4A54B8A81EB8B23C002245D7 /* SWMenuArrow.swift */ = {isa = PBXFileReference; fileEncoding = 4; lastKnownFileType = sourcecode.swift; path = SWMenuArrow.swift; sourceTree = "<group>"; };
/* End PBXFileReference section */

/* Begin PBXFrameworksBuildPhase section */
		4A54B88A1EB2EB05002245D7 /* Frameworks */ = {
			isa = PBXFrameworksBuildPhase;
			buildActionMask = 2147483647;
			files = (
			);
			runOnlyForDeploymentPostprocessing = 0;
		};
/* End PBXFrameworksBuildPhase section */

/* Begin PBXGroup section */
		4A54B8841EB2EB05002245D7 = {
			isa = PBXGroup;
			children = (
				4A54B88F1EB2EB05002245D7 /* SWMenuController */,
				4A54B88E1EB2EB05002245D7 /* Products */,
			);
			sourceTree = "<group>";
		};
		4A54B88E1EB2EB05002245D7 /* Products */ = {
			isa = PBXGroup;
			children = (
				4A54B88D1EB2EB05002245D7 /* SWMenuController.app */,
			);
			name = Products;
			sourceTree = "<group>";
		};
		4A54B88F1EB2EB05002245D7 /* SWMenuController */ = {
			isa = PBXGroup;
			children = (
				4A54B8901EB2EB05002245D7 /* AppDelegate.swift */,
				4A54B8921EB2EB05002245D7 /* ViewController.swift */,
				4A54B8A21EB2ECB7002245D7 /* SWMenuController.swift */,
				4A54B8A81EB8B23C002245D7 /* SWMenuArrow.swift */,
				4A54B8A41EB2ED4C002245D7 /* SWMenuItem.swift */,
				4A54B8941EB2EB05002245D7 /* Main.storyboard */,
				4A54B8971EB2EB05002245D7 /* Assets.xcassets */,
				4A54B8991EB2EB05002245D7 /* LaunchScreen.storyboard */,
				4A54B89C1EB2EB05002245D7 /* Info.plist */,
			);
			path = SWMenuController;
			sourceTree = "<group>";
		};
/* End PBXGroup section */

/* Begin PBXNativeTarget section */
		4A54B88C1EB2EB05002245D7 /* SWMenuController */ = {
			isa = PBXNativeTarget;
			buildConfigurationList = 4A54B89F1EB2EB05002245D7 /* Build configuration list for PBXNativeTarget "SWMenuController" */;
			buildPhases = (
				4A54B8891EB2EB05002245D7 /* Sources */,
				4A54B88A1EB2EB05002245D7 /* Frameworks */,
				4A54B88B1EB2EB05002245D7 /* Resources */,
			);
			buildRules = (
			);
			dependencies = (
			);
			name = SWMenuController;
			productName = SWMenuController;
			productReference = 4A54B88D1EB2EB05002245D7 /* SWMenuController.app */;
			productType = "com.apple.product-type.application";
		};
/* End PBXNativeTarget section */

/* Begin PBXProject section */
		4A54B8851EB2EB05002245D7 /* Project object */ = {
			isa = PBXProject;
			attributes = {
				LastSwiftUpdateCheck = 0830;
				LastUpgradeCheck = 0830;
				ORGANIZATIONNAME = "Kaibo Lu";
				TargetAttributes = {
					4A54B88C1EB2EB05002245D7 = {
						CreatedOnToolsVersion = 8.3.2;
						ProvisioningStyle = Automatic;
					};
				};
			};
			buildConfigurationList = 4A54B8881EB2EB05002245D7 /* Build configuration list for PBXProject "SWMenuController" */;
			compatibilityVersion = "Xcode 3.2";
			developmentRegion = English;
			hasScannedForEncodings = 0;
			knownRegions = (
				en,
				Base,
			);
			mainGroup = 4A54B8841EB2EB05002245D7;
			productRefGroup = 4A54B88E1EB2EB05002245D7 /* Products */;
			projectDirPath = "";
			projectRoot = "";
			targets = (
				4A54B88C1EB2EB05002245D7 /* SWMenuController */,
			);
		};
/* End PBXProject section */

/* Begin PBXResourcesBuildPhase section */
		4A54B88B1EB2EB05002245D7 /* Resources */ = {
			isa = PBXResourcesBuildPhase;
			buildActionMask = 2147483647;
			files = (
				4A54B89B1EB2EB05002245D7 /* LaunchScreen.storyboard in Resources */,
				4A54B8981EB2EB05002245D7 /* Assets.xcassets in Resources */,
				4A54B8961EB2EB05002245D7 /* Main.storyboard in Resources */,
			);
			runOnlyForDeploymentPostprocessing = 0;
		};
/* End PBXResourcesBuildPhase section */

/* Begin PBXSourcesBuildPhase section */
		4A54B8891EB2EB05002245D7 /* Sources */ = {
			isa = PBXSourcesBuildPhase;
			buildActionMask = 2147483647;
			files = (
				4A54B8931EB2EB05002245D7 /* ViewController.swift in Sources */,
				4A54B8A51EB2ED4C002245D7 /* SWMenuItem.swift in Sources */,
				4A54B8A91EB8B23C002245D7 /* SWMenuArrow.swift in Sources */,
				4A54B8911EB2EB05002245D7 /* AppDelegate.swift in Sources */,
				4A54B8A31EB2ECB7002245D7 /* SWMenuController.swift in Sources */,
			);
			runOnlyForDeploymentPostprocessing = 0;
		};
/* End PBXSourcesBuildPhase section */

/* Begin PBXVariantGroup section */
		4A54B8941EB2EB05002245D7 /* Main.storyboard */ = {
			isa = PBXVariantGroup;
			children = (
				4A54B8951EB2EB05002245D7 /* Base */,
			);
			name = Main.storyboard;
			sourceTree = "<group>";
		};
		4A54B8991EB2EB05002245D7 /* LaunchScreen.storyboard */ = {
			isa = PBXVariantGroup;
			children = (
				4A54B89A1EB2EB05002245D7 /* Base */,
			);
			name = LaunchScreen.storyboard;
			sourceTree = "<group>";
		};
/* End PBXVariantGroup section */

/* Begin XCBuildConfiguration section */
		4A54B89D1EB2EB05002245D7 /* Debug */ = {
			isa = XCBuildConfiguration;
			buildSettings = {
				ALWAYS_SEARCH_USER_PATHS = NO;
				CLANG_ANALYZER_NONNULL = YES;
				CLANG_ANALYZER_NUMBER_OBJECT_CONVERSION = YES_AGGRESSIVE;
				CLANG_CXX_LANGUAGE_STANDARD = "gnu++0x";
				CLANG_CXX_LIBRARY = "libc++";
				CLANG_ENABLE_MODULES = YES;
				CLANG_ENABLE_OBJC_ARC = YES;
				CLANG_WARN_BOOL_CONVERSION = YES;
				CLANG_WARN_CONSTANT_CONVERSION = YES;
				CLANG_WARN_DIRECT_OBJC_ISA_USAGE = YES_ERROR;
				CLANG_WARN_DOCUMENTATION_COMMENTS = YES;
				CLANG_WARN_EMPTY_BODY = YES;
				CLANG_WARN_ENUM_CONVERSION = YES;
				CLANG_WARN_INFINITE_RECURSION = YES;
				CLANG_WARN_INT_CONVERSION = YES;
				CLANG_WARN_OBJC_ROOT_CLASS = YES_ERROR;
				CLANG_WARN_SUSPICIOUS_MOVE = YES;
				CLANG_WARN_UNREACHABLE_CODE = YES;
				CLANG_WARN__DUPLICATE_METHOD_MATCH = YES;
				"CODE_SIGN_IDENTITY[sdk=iphoneos*]" = "iPhone Developer";
				COPY_PHASE_STRIP = NO;
				DEBUG_INFORMATION_FORMAT = dwarf;
				ENABLE_STRICT_OBJC_MSGSEND = YES;
				ENABLE_TESTABILITY = YES;
				GCC_C_LANGUAGE_STANDARD = gnu99;
				GCC_DYNAMIC_NO_PIC = NO;
				GCC_NO_COMMON_BLOCKS = YES;
				GCC_OPTIMIZATION_LEVEL = 0;
				GCC_PREPROCESSOR_DEFINITIONS = (
					"DEBUG=1",
					"$(inherited)",
				);
				GCC_WARN_64_TO_32_BIT_CONVERSION = YES;
				GCC_WARN_ABOUT_RETURN_TYPE = YES_ERROR;
				GCC_WARN_UNDECLARED_SELECTOR = YES;
				GCC_WARN_UNINITIALIZED_AUTOS = YES_AGGRESSIVE;
				GCC_WARN_UNUSED_FUNCTION = YES;
				GCC_WARN_UNUSED_VARIABLE = YES;
				IPHONEOS_DEPLOYMENT_TARGET = 10.3;
				MTL_ENABLE_DEBUG_INFO = YES;
				ONLY_ACTIVE_ARCH = YES;
				SDKROOT = iphoneos;
				SWIFT_ACTIVE_COMPILATION_CONDITIONS = DEBUG;
				SWIFT_OPTIMIZATION_LEVEL = "-Onone";
				TARGETED_DEVICE_FAMILY = "1,2";
			};
			name = Debug;
		};
		4A54B89E1EB2EB05002245D7 /* Release */ = {
			isa = XCBuildConfiguration;
			buildSettings = {
				ALWAYS_SEARCH_USER_PATHS = NO;
				CLANG_ANALYZER_NONNULL = YES;
				CLANG_ANALYZER_NUMBER_OBJECT_CONVERSION = YES_AGGRESSIVE;
				CLANG_CXX_LANGUAGE_STANDARD = "gnu++0x";
				CLANG_CXX_LIBRARY = "libc++";
				CLANG_ENABLE_MODULES = YES;
				CLANG_ENABLE_OBJC_ARC = YES;
				CLANG_WARN_BOOL_CONVERSION = YES;
				CLANG_WARN_CONSTANT_CONVERSION = YES;
				CLANG_WARN_DIRECT_OBJC_ISA_USAGE = YES_ERROR;
				CLANG_WARN_DOCUMENTATION_COMMENTS = YES;
				CLANG_WARN_EMPTY_BODY = YES;
				CLANG_WARN_ENUM_CONVERSION = YES;
				CLANG_WARN_INFINITE_RECURSION = YES;
				CLANG_WARN_INT_CONVERSION = YES;
				CLANG_WARN_OBJC_ROOT_CLASS = YES_ERROR;
				CLANG_WARN_SUSPICIOUS_MOVE = YES;
				CLANG_WARN_UNREACHABLE_CODE = YES;
				CLANG_WARN__DUPLICATE_METHOD_MATCH = YES;
				"CODE_SIGN_IDENTITY[sdk=iphoneos*]" = "iPhone Developer";
				COPY_PHASE_STRIP = NO;
				DEBUG_INFORMATION_FORMAT = "dwarf-with-dsym";
				ENABLE_NS_ASSERTIONS = NO;
				ENABLE_STRICT_OBJC_MSGSEND = YES;
				GCC_C_LANGUAGE_STANDARD = gnu99;
				GCC_NO_COMMON_BLOCKS = YES;
				GCC_WARN_64_TO_32_BIT_CONVERSION = YES;
				GCC_WARN_ABOUT_RETURN_TYPE = YES_ERROR;
				GCC_WARN_UNDECLARED_SELECTOR = YES;
				GCC_WARN_UNINITIALIZED_AUTOS = YES_AGGRESSIVE;
				GCC_WARN_UNUSED_FUNCTION = YES;
				GCC_WARN_UNUSED_VARIABLE = YES;
				IPHONEOS_DEPLOYMENT_TARGET = 10.3;
				MTL_ENABLE_DEBUG_INFO = NO;
				SDKROOT = iphoneos;
				SWIFT_OPTIMIZATION_LEVEL = "-Owholemodule";
				TARGETED_DEVICE_FAMILY = "1,2";
				VALIDATE_PRODUCT = YES;
			};
			name = Release;
		};
		4A54B8A01EB2EB05002245D7 /* Debug */ = {
			isa = XCBuildConfiguration;
			buildSettings = {
				ASSETCATALOG_COMPILER_APPICON_NAME = AppIcon;
				INFOPLIST_FILE = SWMenuController/Info.plist;
				LD_RUNPATH_SEARCH_PATHS = "$(inherited) @executable_path/Frameworks";
				PRODUCT_BUNDLE_IDENTIFIER = Kaibo.SWMenuController;
				PRODUCT_NAME = "$(TARGET_NAME)";
				SWIFT_VERSION = 3.0;
			};
			name = Debug;
		};
		4A54B8A11EB2EB05002245D7 /* Release */ = {
			isa = XCBuildConfiguration;
			buildSettings = {
				ASSETCATALOG_COMPILER_APPICON_NAME = AppIcon;
				INFOPLIST_FILE = SWMenuController/Info.plist;
				LD_RUNPATH_SEARCH_PATHS = "$(inherited) @executable_path/Frameworks";
				PRODUCT_BUNDLE_IDENTIFIER = Kaibo.SWMenuController;
				PRODUCT_NAME = "$(TARGET_NAME)";
				SWIFT_VERSION = 3.0;
			};
			name = Release;
		};
/* End XCBuildConfiguration section */

/* Begin XCConfigurationList section */
		4A54B8881EB2EB05002245D7 /* Build configuration list for PBXProject "SWMenuController" */ = {
			isa = XCConfigurationList;
			buildConfigurations = (
				4A54B89D1EB2EB05002245D7 /* Debug */,
				4A54B89E1EB2EB05002245D7 /* Release */,
			);
			defaultConfigurationIsVisible = 0;
			defaultConfigurationName = Release;
		};
		4A54B89F1EB2EB05002245D7 /* Build configuration list for PBXNativeTarget "SWMenuController" */ = {
			isa = XCConfigurationList;
			buildConfigurations = (
				4A54B8A01EB2EB05002245D7 /* Debug */,
				4A54B8A11EB2EB05002245D7 /* Release */,
			);
			defaultConfigurationIsVisible = 0;
			defaultConfigurationName = Release;
		};
/* End XCConfigurationList section */
	};
	rootObject = 4A54B8851EB2EB05002245D7 /* Project object */;
}
